# THIS IS AN AUTOGENERATED FILE. DO NOT EDIT THIS FILE DIRECTLY.
# yarn lockfile v1


react-icon-base@2.1.0:
  version "2.1.0"
  resolved "https://registry.yarnpkg.com/react-icon-base/-/react-icon-base-2.1.0.tgz#a196e33fdf1e7aaa1fda3aefbb68bdad9e82a79d"
  integrity sha1-oZbjP98eeqof2jrvu2i9rZ6Cp50=

react-icons@2.2.7:
  version "2.2.7"
  resolved "https://registry.yarnpkg.com/react-icons/-/react-icons-2.2.7.tgz#d7860826b258557510dac10680abea5ca23cf650"
  integrity sha512-0n4lcGqzJFcIQLoQytLdJCE0DKSA9dkwEZRYoGrIDJZFvIT6Hbajx5mv9geqhqFiNjUgtxg8kPyDfjlhymbGFg==
  dependencies:
    react-icon-base "2.1.0"
